
Microsoft Visual Studio Solution File, Format Version 12.00
# Visual Studio Version 17
VisualStudioVersion = 17.9.34902.65
MinimumVisualStudioVersion = 10.0.40219.1
Project("{8BC9CEB8-8B4A-11D0-8D11-00A0C91BC942}") = "c++_tutorial", "sample_proj\sample_proj.vcxproj", "{A45627E8-5EC1-495D-81E4-D164A2D357CB}"
EndProject
Project("{8BC9CEB8-8B4A-11D0-8D11-00A0C91BC942}") = "11-46_pointer_basic", "sample_proj2\sample_proj2.vcxproj", "{B9A00040-AC3B-43F4-84B6-81A72F08CB0E}"
EndProject
Project("{8BC9CEB8-8B4A-11D0-8D11-00A0C91BC942}") = "11-47_pointer_function", "11-47_pointer_function\11-47_pointer_function.vcxproj", "{1624B036-5817-4F44-ACB4-2257EFF3B906}"
EndProject
Project("{8BC9CEB8-8B4A-11D0-8D11-00A0C91BC942}") = "12-50_pointer_and_array", "12-50_pointer_and_array\12-50_pointer_and_array.vcxproj", "{734F6084-DACA-449D-9A86-02A2E59461E9}"
EndProject
Project("{8BC9CEB8-8B4A-11D0-8D11-00A0C91BC942}") = "12-52_memory", "12-52_memory\12-52_memory.vcxproj", "{197B591D-4E7E-4DA2-979F-7C369EF90C1F}"
EndProject
Project("{8BC9CEB8-8B4A-11D0-8D11-00A0C91BC942}") = "13-54_character1", "13-54_character1\13-54_character1.vcxproj", "{D952EBBF-ABCD-4647-8917-C04CA5FCF48B}"
EndProject
Project("{8BC9CEB8-8B4A-11D0-8D11-00A0C91BC942}") = "13-55_character2", "13-55_character2\13-55_character2.vcxproj", "{B430E85D-0B15-4F04-8219-C10DA951424C}"
EndProject
Project("{8BC9CEB8-8B4A-11D0-8D11-00A0C91BC942}") = "13-56_character_to_number", "13-56_character_to_number\13-56_character_to_number.vcxproj", "{B4E00EB7-0AAD-4AC0-AC2F-7244692BF191}"
EndProject
Project("{8BC9CEB8-8B4A-11D0-8D11-00A0C91BC942}") = "13-57_number_to_character", "13-57_number_to_character\13-57_number_to_character.vcxproj", "{31578D8E-9B1A-4B9B-9FA7-EFDA1AC22FDE}"
EndProject
Project("{8BC9CEB8-8B4A-11D0-8D11-00A0C91BC942}") = "14-59_struct", "14-59_strict\14-59_strict.vcxproj", "{DD07280E-E316-491C-B725-B07690575B02}"
EndProject
Project("{8BC9CEB8-8B4A-11D0-8D11-00A0C91BC942}") = "14-61_stract_pointer", "14-61_stract_pointer\14-61_stract_pointer.vcxproj", "{448E26C6-F47F-4C14-9FB5-10DEFF8E4B29}"
EndProject
Project("{8BC9CEB8-8B4A-11D0-8D11-00A0C91BC942}") = "14-62_pointer_data", "14-62_pointer_data\14-62_pointer_data.vcxproj", "{2D3C9A9D-76FA-4D93-81DC-8C2CA9DDC7E9}"
EndProject
Project("{8BC9CEB8-8B4A-11D0-8D11-00A0C91BC942}") = "16-70_split_file", "16-70_split_file\16-70_split_file.vcxproj", "{0EC88A08-C89E-41FD-A48B-96829F225821}"
EndProject
Project("{8BC9CEB8-8B4A-11D0-8D11-00A0C91BC942}") = "16-71_complex_split_file", "16-71_complex_split_file\16-71_complex_split_file.vcxproj", "{EE47609B-EEF1-44EB-A6DC-88DD3F98CE5C}"
EndProject
Global
	GlobalSection(SolutionConfigurationPlatforms) = preSolution
		Debug|x64 = Debug|x64
		Debug|x86 = Debug|x86
		Release|x64 = Release|x64
		Release|x86 = Release|x86
	EndGlobalSection
	GlobalSection(ProjectConfigurationPlatforms) = postSolution
		{A45627E8-5EC1-495D-81E4-D164A2D357CB}.Debug|x64.ActiveCfg = Debug|x64
		{A45627E8-5EC1-495D-81E4-D164A2D357CB}.Debug|x64.Build.0 = Debug|x64
		{A45627E8-5EC1-495D-81E4-D164A2D357CB}.Debug|x86.ActiveCfg = Debug|Win32
		{A45627E8-5EC1-495D-81E4-D164A2D357CB}.Debug|x86.Build.0 = Debug|Win32
		{A45627E8-5EC1-495D-81E4-D164A2D357CB}.Release|x64.ActiveCfg = Release|x64
		{A45627E8-5EC1-495D-81E4-D164A2D357CB}.Release|x64.Build.0 = Release|x64
		{A45627E8-5EC1-495D-81E4-D164A2D357CB}.Release|x86.ActiveCfg = Release|Win32
		{A45627E8-5EC1-495D-81E4-D164A2D357CB}.Release|x86.Build.0 = Release|Win32
		{B9A00040-AC3B-43F4-84B6-81A72F08CB0E}.Debug|x64.ActiveCfg = Debug|x64
		{B9A00040-AC3B-43F4-84B6-81A72F08CB0E}.Debug|x64.Build.0 = Debug|x64
		{B9A00040-AC3B-43F4-84B6-81A72F08CB0E}.Debug|x86.ActiveCfg = Debug|Win32
		{B9A00040-AC3B-43F4-84B6-81A72F08CB0E}.Debug|x86.Build.0 = Debug|Win32
		{B9A00040-AC3B-43F4-84B6-81A72F08CB0E}.Release|x64.ActiveCfg = Release|x64
		{B9A00040-AC3B-43F4-84B6-81A72F08CB0E}.Release|x64.Build.0 = Release|x64
		{B9A00040-AC3B-43F4-84B6-81A72F08CB0E}.Release|x86.ActiveCfg = Release|Win32
		{B9A00040-AC3B-43F4-84B6-81A72F08CB0E}.Release|x86.Build.0 = Release|Win32
		{1624B036-5817-4F44-ACB4-2257EFF3B906}.Debug|x64.ActiveCfg = Debug|x64
		{1624B036-5817-4F44-ACB4-2257EFF3B906}.Debug|x64.Build.0 = Debug|x64
		{1624B036-5817-4F44-ACB4-2257EFF3B906}.Debug|x86.ActiveCfg = Debug|Win32
		{1624B036-5817-4F44-ACB4-2257EFF3B906}.Debug|x86.Build.0 = Debug|Win32
		{1624B036-5817-4F44-ACB4-2257EFF3B906}.Release|x64.ActiveCfg = Release|x64
		{1624B036-5817-4F44-ACB4-2257EFF3B906}.Release|x64.Build.0 = Release|x64
		{1624B036-5817-4F44-ACB4-2257EFF3B906}.Release|x86.ActiveCfg = Release|Win32
		{1624B036-5817-4F44-ACB4-2257EFF3B906}.Release|x86.Build.0 = Release|Win32
		{734F6084-DACA-449D-9A86-02A2E59461E9}.Debug|x64.ActiveCfg = Debug|x64
		{734F6084-DACA-449D-9A86-02A2E59461E9}.Debug|x64.Build.0 = Debug|x64
		{734F6084-DACA-449D-9A86-02A2E59461E9}.Debug|x86.ActiveCfg = Debug|Win32
		{734F6084-DACA-449D-9A86-02A2E59461E9}.Debug|x86.Build.0 = Debug|Win32
		{734F6084-DACA-449D-9A86-02A2E59461E9}.Release|x64.ActiveCfg = Release|x64
		{734F6084-DACA-449D-9A86-02A2E59461E9}.Release|x64.Build.0 = Release|x64
		{734F6084-DACA-449D-9A86-02A2E59461E9}.Release|x86.ActiveCfg = Release|Win32
		{734F6084-DACA-449D-9A86-02A2E59461E9}.Release|x86.Build.0 = Release|Win32
		{197B591D-4E7E-4DA2-979F-7C369EF90C1F}.Debug|x64.ActiveCfg = Debug|x64
		{197B591D-4E7E-4DA2-979F-7C369EF90C1F}.Debug|x64.Build.0 = Debug|x64
		{197B591D-4E7E-4DA2-979F-7C369EF90C1F}.Debug|x86.ActiveCfg = Debug|Win32
		{197B591D-4E7E-4DA2-979F-7C369EF90C1F}.Debug|x86.Build.0 = Debug|Win32
		{197B591D-4E7E-4DA2-979F-7C369EF90C1F}.Release|x64.ActiveCfg = Release|x64
		{197B591D-4E7E-4DA2-979F-7C369EF90C1F}.Release|x64.Build.0 = Release|x64
		{197B591D-4E7E-4DA2-979F-7C369EF90C1F}.Release|x86.ActiveCfg = Release|Win32
		{197B591D-4E7E-4DA2-979F-7C369EF90C1F}.Release|x86.Build.0 = Release|Win32
		{D952EBBF-ABCD-4647-8917-C04CA5FCF48B}.Debug|x64.ActiveCfg = Debug|x64
		{D952EBBF-ABCD-4647-8917-C04CA5FCF48B}.Debug|x64.Build.0 = Debug|x64
		{D952EBBF-ABCD-4647-8917-C04CA5FCF48B}.Debug|x86.ActiveCfg = Debug|Win32
		{D952EBBF-ABCD-4647-8917-C04CA5FCF48B}.Debug|x86.Build.0 = Debug|Win32
		{D952EBBF-ABCD-4647-8917-C04CA5FCF48B}.Release|x64.ActiveCfg = Release|x64
		{D952EBBF-ABCD-4647-8917-C04CA5FCF48B}.Release|x64.Build.0 = Release|x64
		{D952EBBF-ABCD-4647-8917-C04CA5FCF48B}.Release|x86.ActiveCfg = Release|Win32
		{D952EBBF-ABCD-4647-8917-C04CA5FCF48B}.Release|x86.Build.0 = Release|Win32
		{B430E85D-0B15-4F04-8219-C10DA951424C}.Debug|x64.ActiveCfg = Debug|x64
		{B430E85D-0B15-4F04-8219-C10DA951424C}.Debug|x64.Build.0 = Debug|x64
		{B430E85D-0B15-4F04-8219-C10DA951424C}.Debug|x86.ActiveCfg = Debug|Win32
		{B430E85D-0B15-4F04-8219-C10DA951424C}.Debug|x86.Build.0 = Debug|Win32
		{B430E85D-0B15-4F04-8219-C10DA951424C}.Release|x64.ActiveCfg = Release|x64
		{B430E85D-0B15-4F04-8219-C10DA951424C}.Release|x64.Build.0 = Release|x64
		{B430E85D-0B15-4F04-8219-C10DA951424C}.Release|x86.ActiveCfg = Release|Win32
		{B430E85D-0B15-4F04-8219-C10DA951424C}.Release|x86.Build.0 = Release|Win32
		{B4E00EB7-0AAD-4AC0-AC2F-7244692BF191}.Debug|x64.ActiveCfg = Debug|x64
		{B4E00EB7-0AAD-4AC0-AC2F-7244692BF191}.Debug|x64.Build.0 = Debug|x64
		{B4E00EB7-0AAD-4AC0-AC2F-7244692BF191}.Debug|x86.ActiveCfg = Debug|Win32
		{B4E00EB7-0AAD-4AC0-AC2F-7244692BF191}.Debug|x86.Build.0 = Debug|Win32
		{B4E00EB7-0AAD-4AC0-AC2F-7244692BF191}.Release|x64.ActiveCfg = Release|x64
		{B4E00EB7-0AAD-4AC0-AC2F-7244692BF191}.Release|x64.Build.0 = Release|x64
		{B4E00EB7-0AAD-4AC0-AC2F-7244692BF191}.Release|x86.ActiveCfg = Release|Win32
		{B4E00EB7-0AAD-4AC0-AC2F-7244692BF191}.Release|x86.Build.0 = Release|Win32
		{31578D8E-9B1A-4B9B-9FA7-EFDA1AC22FDE}.Debug|x64.ActiveCfg = Debug|x64
		{31578D8E-9B1A-4B9B-9FA7-EFDA1AC22FDE}.Debug|x64.Build.0 = Debug|x64
		{31578D8E-9B1A-4B9B-9FA7-EFDA1AC22FDE}.Debug|x86.ActiveCfg = Debug|Win32
		{31578D8E-9B1A-4B9B-9FA7-EFDA1AC22FDE}.Debug|x86.Build.0 = Debug|Win32
		{31578D8E-9B1A-4B9B-9FA7-EFDA1AC22FDE}.Release|x64.ActiveCfg = Release|x64
		{31578D8E-9B1A-4B9B-9FA7-EFDA1AC22FDE}.Release|x64.Build.0 = Release|x64
		{31578D8E-9B1A-4B9B-9FA7-EFDA1AC22FDE}.Release|x86.ActiveCfg = Release|Win32
		{31578D8E-9B1A-4B9B-9FA7-EFDA1AC22FDE}.Release|x86.Build.0 = Release|Win32
		{DD07280E-E316-491C-B725-B07690575B02}.Debug|x64.ActiveCfg = Debug|x64
		{DD07280E-E316-491C-B725-B07690575B02}.Debug|x64.Build.0 = Debug|x64
		{DD07280E-E316-491C-B725-B07690575B02}.Debug|x86.ActiveCfg = Debug|Win32
		{DD07280E-E316-491C-B725-B07690575B02}.Debug|x86.Build.0 = Debug|Win32
		{DD07280E-E316-491C-B725-B07690575B02}.Release|x64.ActiveCfg = Release|x64
		{DD07280E-E316-491C-B725-B07690575B02}.Release|x64.Build.0 = Release|x64
		{DD07280E-E316-491C-B725-B07690575B02}.Release|x86.ActiveCfg = Release|Win32
		{DD07280E-E316-491C-B725-B07690575B02}.Release|x86.Build.0 = Release|Win32
		{448E26C6-F47F-4C14-9FB5-10DEFF8E4B29}.Debug|x64.ActiveCfg = Debug|x64
		{448E26C6-F47F-4C14-9FB5-10DEFF8E4B29}.Debug|x64.Build.0 = Debug|x64
		{448E26C6-F47F-4C14-9FB5-10DEFF8E4B29}.Debug|x86.ActiveCfg = Debug|Win32
		{448E26C6-F47F-4C14-9FB5-10DEFF8E4B29}.Debug|x86.Build.0 = Debug|Win32
		{448E26C6-F47F-4C14-9FB5-10DEFF8E4B29}.Release|x64.ActiveCfg = Release|x64
		{448E26C6-F47F-4C14-9FB5-10DEFF8E4B29}.Release|x64.Build.0 = Release|x64
		{448E26C6-F47F-4C14-9FB5-10DEFF8E4B29}.Release|x86.ActiveCfg = Release|Win32
		{448E26C6-F47F-4C14-9FB5-10DEFF8E4B29}.Release|x86.Build.0 = Release|Win32
		{2D3C9A9D-76FA-4D93-81DC-8C2CA9DDC7E9}.Debug|x64.ActiveCfg = Debug|x64
		{2D3C9A9D-76FA-4D93-81DC-8C2CA9DDC7E9}.Debug|x64.Build.0 = Debug|x64
		{2D3C9A9D-76FA-4D93-81DC-8C2CA9DDC7E9}.Debug|x86.ActiveCfg = Debug|Win32
		{2D3C9A9D-76FA-4D93-81DC-8C2CA9DDC7E9}.Debug|x86.Build.0 = Debug|Win32
		{2D3C9A9D-76FA-4D93-81DC-8C2CA9DDC7E9}.Release|x64.ActiveCfg = Release|x64
		{2D3C9A9D-76FA-4D93-81DC-8C2CA9DDC7E9}.Release|x64.Build.0 = Release|x64
		{2D3C9A9D-76FA-4D93-81DC-8C2CA9DDC7E9}.Release|x86.ActiveCfg = Release|Win32
		{2D3C9A9D-76FA-4D93-81DC-8C2CA9DDC7E9}.Release|x86.Build.0 = Release|Win32
		{0EC88A08-C89E-41FD-A48B-96829F225821}.Debug|x64.ActiveCfg = Debug|x64
		{0EC88A08-C89E-41FD-A48B-96829F225821}.Debug|x64.Build.0 = Debug|x64
		{0EC88A08-C89E-41FD-A48B-96829F225821}.Debug|x86.ActiveCfg = Debug|Win32
		{0EC88A08-C89E-41FD-A48B-96829F225821}.Debug|x86.Build.0 = Debug|Win32
		{0EC88A08-C89E-41FD-A48B-96829F225821}.Release|x64.ActiveCfg = Release|x64
		{0EC88A08-C89E-41FD-A48B-96829F225821}.Release|x64.Build.0 = Release|x64
		{0EC88A08-C89E-41FD-A48B-96829F225821}.Release|x86.ActiveCfg = Release|Win32
		{0EC88A08-C89E-41FD-A48B-96829F225821}.Release|x86.Build.0 = Release|Win32
		{EE47609B-EEF1-44EB-A6DC-88DD3F98CE5C}.Debug|x64.ActiveCfg = Debug|x64
		{EE47609B-EEF1-44EB-A6DC-88DD3F98CE5C}.Debug|x64.Build.0 = Debug|x64
		{EE47609B-EEF1-44EB-A6DC-88DD3F98CE5C}.Debug|x86.ActiveCfg = Debug|Win32
		{EE47609B-EEF1-44EB-A6DC-88DD3F98CE5C}.Debug|x86.Build.0 = Debug|Win32
		{EE47609B-EEF1-44EB-A6DC-88DD3F98CE5C}.Release|x64.ActiveCfg = Release|x64
		{EE47609B-EEF1-44EB-A6DC-88DD3F98CE5C}.Release|x64.Build.0 = Release|x64
		{EE47609B-EEF1-44EB-A6DC-88DD3F98CE5C}.Release|x86.ActiveCfg = Release|Win32
		{EE47609B-EEF1-44EB-A6DC-88DD3F98CE5C}.Release|x86.Build.0 = Release|Win32
	EndGlobalSection
	GlobalSection(SolutionProperties) = preSolution
		HideSolutionNode = FALSE
	EndGlobalSection
	GlobalSection(ExtensibilityGlobals) = postSolution
		SolutionGuid = {8950FA3F-33BB-4D86-B94F-B389E33FE338}
	EndGlobalSection
EndGlobal
